
Microsoft Visual Studio Solution File, Format Version 12.00
# Visual Studio Version 16
VisualStudioVersion = 16.0.31112.23
MinimumVisualStudioVersion = 10.0.40219.1
Project("{FAE04EC0-301F-11D3-BF4B-00C04F79EFBC}") = "ListaTecnica.UI", "ListaTecnica\ListaTecnica.UI.csproj", "{364747DA-9CD2-467C-9AB8-735362AA680F}"
EndProject
Project("{FAE04EC0-301F-11D3-BF4B-00C04F79EFBC}") = "ListaTecnica.Db", "ListaTecnica.Db\ListaTecnica.Db.csproj", "{FD89CC9B-AB2E-4EDC-B5DE-08BA9A18E7C7}"
EndProject
Project("{FAE04EC0-301F-11D3-BF4B-00C04F79EFBC}") = "ListaTecnica.Models", "ListaTecnica.Models\ListaTecnica.Models.csproj", "{5502EA36-104B-4343-9822-E5018AB40645}"
EndProject
Global
	GlobalSection(SolutionConfigurationPlatforms) = preSolution
		Debug|Any CPU = Debug|Any CPU
		Release|Any CPU = Release|Any CPU
	EndGlobalSection
	GlobalSection(ProjectConfigurationPlatforms) = postSolution
		{364747DA-9CD2-467C-9AB8-735362AA680F}.Debug|Any CPU.ActiveCfg = Debug|Any CPU
		{364747DA-9CD2-467C-9AB8-735362AA680F}.Debug|Any CPU.Build.0 = Debug|Any CPU
		{364747DA-9CD2-467C-9AB8-735362AA680F}.Release|Any CPU.ActiveCfg = Release|Any CPU
		{364747DA-9CD2-467C-9AB8-735362AA680F}.Release|Any CPU.Build.0 = Release|Any CPU
		{FD89CC9B-AB2E-4EDC-B5DE-08BA9A18E7C7}.Debug|Any CPU.ActiveCfg = Debug|Any CPU
		{FD89CC9B-AB2E-4EDC-B5DE-08BA9A18E7C7}.Debug|Any CPU.Build.0 = Debug|Any CPU
		{FD89CC9B-AB2E-4EDC-B5DE-08BA9A18E7C7}.Release|Any CPU.ActiveCfg = Release|Any CPU
		{FD89CC9B-AB2E-4EDC-B5DE-08BA9A18E7C7}.Release|Any CPU.Build.0 = Release|Any CPU
		{5502EA36-104B-4343-9822-E5018AB40645}.Debug|Any CPU.ActiveCfg = Debug|Any CPU
		{5502EA36-104B-4343-9822-E5018AB40645}.Debug|Any CPU.Build.0 = Debug|Any CPU
		{5502EA36-104B-4343-9822-E5018AB40645}.Release|Any CPU.ActiveCfg = Release|Any CPU
		{5502EA36-104B-4343-9822-E5018AB40645}.Release|Any CPU.Build.0 = Release|Any CPU
	EndGlobalSection
	GlobalSection(SolutionProperties) = preSolution
		HideSolutionNode = FALSE
	EndGlobalSection
	GlobalSection(ExtensibilityGlobals) = postSolution
		SolutionGuid = {45A201B7-80DA-4FD0-B398-19976EC58195}
	EndGlobalSection
EndGlobal
